
Microsoft Visual Studio Solution File, Format Version 12.00
# Visual Studio Version 16
VisualStudioVersion = 16.0.29519.87
MinimumVisualStudioVersion = 10.0.40219.1
Project("{FAE04EC0-301F-11D3-BF4B-00C04F79EFBC}") = "MovieAPI", "MovieAPI\MovieAPI.csproj", "{401135B2-AE62-44E0-9FE2-5583BD7799D5}"
EndProject
Project("{2150E333-8FDC-42A3-9474-1A3956D46DE8}") = "Client", "Client", "{E523E6AB-7EB9-43A2-B605-0AE744D05AE5}"
	ProjectSection(SolutionItems) = preProject
		app.js = app.js
		index.html = index.html
	EndProjectSection
EndProject
Global
	GlobalSection(SolutionConfigurationPlatforms) = preSolution
		Debug|Any CPU = Debug|Any CPU
		Release|Any CPU = Release|Any CPU
	EndGlobalSection
	GlobalSection(ProjectConfigurationPlatforms) = postSolution
		{401135B2-AE62-44E0-9FE2-5583BD7799D5}.Debug|Any CPU.ActiveCfg = Debug|Any CPU
		{401135B2-AE62-44E0-9FE2-5583BD7799D5}.Debug|Any CPU.Build.0 = Debug|Any CPU
		{401135B2-AE62-44E0-9FE2-5583BD7799D5}.Release|Any CPU.ActiveCfg = Release|Any CPU
		{401135B2-AE62-44E0-9FE2-5583BD7799D5}.Release|Any CPU.Build.0 = Release|Any CPU
	EndGlobalSection
	GlobalSection(SolutionProperties) = preSolution
		HideSolutionNode = FALSE
	EndGlobalSection
	GlobalSection(ExtensibilityGlobals) = postSolution
		SolutionGuid = {166C679B-2A65-45E8-8955-21434E9FD000}
	EndGlobalSection
EndGlobal
